{
  "name": "insight-build013-zeta-vercel-safe-durable-backend",
  "version": "1.0.0-research-reset",
  "lockfileVersion": 3,
  "requires": true,
  "packages": {
    "": {
      "name": "insight-build013-zeta-vercel-safe-durable-backend",
      "version": "1.0.0-research-reset",
      "engines": {
        "node": "24.x"
      }
    }
  }
}
